Microsoft Visual Studio Solution File, Format Version 12.00
# Visual Studio 15
VisualStudioVersion = 15.0.26730.10
MinimumVisualStudioVersion = 10.0.40219.1
Project("{9A19103F-16F7-4668-BE54-9A1E7A4F7556}") = "RestWell", "RestWell\RestWell.csproj", "{2F7F7E79-42D9-4C2D-BE60-FEB5B9BF8BA3}"
EndProject
Project("{9A19103F-16F7-4668-BE54-9A1E7A4F7556}") = "RestWell.Test.Resource.WebApi", "RestWell.Test.Resource.WebApi\RestWell.Test.Resource.WebApi.csproj", "{1319FECB-4E00-4DB2-9A62-0ADB2CA5AFDF}"
EndProject
Project("{FAE04EC0-301F-11D3-BF4B-00C04F79EFBC}") = "RestWell.Test", "RestWell.Test\RestWell.Test.csproj", "{3F8496DC-A855-4775-B1B2-2CB93E06031D}"
EndProject
Global
	GlobalSection(SolutionConfigurationPlatforms) = preSolution
		Debug|Any CPU = Debug|Any CPU
		Release|Any CPU = Release|Any CPU
	EndGlobalSection
	GlobalSection(ProjectConfigurationPlatforms) = postSolution
		{2F7F7E79-42D9-4C2D-BE60-FEB5B9BF8BA3}.Debug|Any CPU.ActiveCfg = Debug|Any CPU
		{2F7F7E79-42D9-4C2D-BE60-FEB5B9BF8BA3}.Debug|Any CPU.Build.0 = Debug|Any CPU
		{2F7F7E79-42D9-4C2D-BE60-FEB5B9BF8BA3}.Release|Any CPU.ActiveCfg = Release|Any CPU
		{2F7F7E79-42D9-4C2D-BE60-FEB5B9BF8BA3}.Release|Any CPU.Build.0 = Release|Any CPU
		{1319FECB-4E00-4DB2-9A62-0ADB2CA5AFDF}.Debug|Any CPU.ActiveCfg = Debug|Any CPU
		{1319FECB-4E00-4DB2-9A62-0ADB2CA5AFDF}.Debug|Any CPU.Build.0 = Debug|Any CPU
		{1319FECB-4E00-4DB2-9A62-0ADB2CA5AFDF}.Release|Any CPU.ActiveCfg = Release|Any CPU
		{1319FECB-4E00-4DB2-9A62-0ADB2CA5AFDF}.Release|Any CPU.Build.0 = Release|Any CPU
		{3F8496DC-A855-4775-B1B2-2CB93E06031D}.Debug|Any CPU.ActiveCfg = Debug|Any CPU
		{3F8496DC-A855-4775-B1B2-2CB93E06031D}.Debug|Any CPU.Build.0 = Debug|Any CPU
		{3F8496DC-A855-4775-B1B2-2CB93E06031D}.Release|Any CPU.ActiveCfg = Release|Any CPU
		{3F8496DC-A855-4775-B1B2-2CB93E06031D}.Release|Any CPU.Build.0 = Release|Any CPU
	EndGlobalSection
	GlobalSection(SolutionProperties) = preSolution
		HideSolutionNode = FALSE
	EndGlobalSection
	GlobalSection(ExtensibilityGlobals) = postSolution
		SolutionGuid = {D6FB60D0-D53F-4038-BC72-F5B839A88E22}
	EndGlobalSection
EndGlobal
